
Microsoft Visual Studio Solution File, Format Version 12.00
# Visual Studio 2012
Project("{FAE04EC0-301F-11D3-BF4B-00C04F79EFBC}") = "1600ButtonPanels", "HelvarButtonPanels\1600ButtonPanels.csproj", "{B411ED3B-DF47-47D8-A7D0-89ACBF8FBD93}"
EndProject
Global
	GlobalSection(SolutionConfigurationPlatforms) = preSolution
		Debug|Any CPU = Debug|Any CPU
		Release|Any CPU = Release|Any CPU
	EndGlobalSection
	GlobalSection(ProjectConfigurationPlatforms) = postSolution
		{B411ED3B-DF47-47D8-A7D0-89ACBF8FBD93}.Debug|Any CPU.ActiveCfg = Debug|Any CPU
		{B411ED3B-DF47-47D8-A7D0-89ACBF8FBD93}.Debug|Any CPU.Build.0 = Debug|Any CPU
		{B411ED3B-DF47-47D8-A7D0-89ACBF8FBD93}.Release|Any CPU.ActiveCfg = Release|Any CPU
		{B411ED3B-DF47-47D8-A7D0-89ACBF8FBD93}.Release|Any CPU.Build.0 = Release|Any CPU
	EndGlobalSection
	GlobalSection(SolutionProperties) = preSolution
		HideSolutionNode = FALSE
	EndGlobalSection
EndGlobal
